
Microsoft Visual Studio Solution File, Format Version 12.00
# Visual Studio Version 16
VisualStudioVersion = 16.0.29920.165
MinimumVisualStudioVersion = 10.0.40219.1
Project("{FAE04EC0-301F-11D3-BF4B-00C04F79EFBC}") = "E2E_RestSharp_Example_TF", "E2E_RestSharp_Example_TF.csproj", "{35317CBE-F6EA-45A5-A5FA-903DE67DD8C4}"
EndProject
Global
	GlobalSection(SolutionConfigurationPlatforms) = preSolution
		Debug|Any CPU = Debug|Any CPU
		Release|Any CPU = Release|Any CPU
	EndGlobalSection
	GlobalSection(ProjectConfigurationPlatforms) = postSolution
		{35317CBE-F6EA-45A5-A5FA-903DE67DD8C4}.Debug|Any CPU.ActiveCfg = Debug|Any CPU
		{35317CBE-F6EA-45A5-A5FA-903DE67DD8C4}.Debug|Any CPU.Build.0 = Debug|Any CPU
		{35317CBE-F6EA-45A5-A5FA-903DE67DD8C4}.Release|Any CPU.ActiveCfg = Release|Any CPU
		{35317CBE-F6EA-45A5-A5FA-903DE67DD8C4}.Release|Any CPU.Build.0 = Release|Any CPU
	EndGlobalSection
	GlobalSection(SolutionProperties) = preSolution
		HideSolutionNode = FALSE
	EndGlobalSection
	GlobalSection(ExtensibilityGlobals) = postSolution
		SolutionGuid = {9317D0FC-F64F-40B0-924A-B3776EACE081}
	EndGlobalSection
EndGlobal
